
Microsoft Visual Studio Solution File, Format Version 12.00
# Visual Studio 15
VisualStudioVersion = 15.0.27428.2015
MinimumVisualStudioVersion = 10.0.40219.1
Project("{FAE04EC0-301F-11D3-BF4B-00C04F79EFBC}") = "DailyCode", "DailyCode\DailyCode.csproj", "{14143381-F911-4E20-ABF1-38A1CD94EAAB}"
EndProject
Global
	GlobalSection(SolutionConfigurationPlatforms) = preSolution
		Debug|Any CPU = Debug|Any CPU
		Release|Any CPU = Release|Any CPU
	EndGlobalSection
	GlobalSection(ProjectConfigurationPlatforms) = postSolution
		{14143381-F911-4E20-ABF1-38A1CD94EAAB}.Debug|Any CPU.ActiveCfg = Debug|Any CPU
		{14143381-F911-4E20-ABF1-38A1CD94EAAB}.Debug|Any CPU.Build.0 = Debug|Any CPU
		{14143381-F911-4E20-ABF1-38A1CD94EAAB}.Release|Any CPU.ActiveCfg = Release|Any CPU
		{14143381-F911-4E20-ABF1-38A1CD94EAAB}.Release|Any CPU.Build.0 = Release|Any CPU
	EndGlobalSection
	GlobalSection(SolutionProperties) = preSolution
		HideSolutionNode = FALSE
	EndGlobalSection
	GlobalSection(ExtensibilityGlobals) = postSolution
		SolutionGuid = {EC6B9BA2-7DA0-4F95-BB61-1D45F29BE087}
	EndGlobalSection
EndGlobal
